
Microsoft Visual Studio Solution File, Format Version 12.00
# Visual Studio Version 17
VisualStudioVersion = 17.0.31903.59
MinimumVisualStudioVersion = 10.0.40219.1
Project("{FAE04EC0-301F-11D3-BF4B-00C04F79EFBC}") = "DemoApp", "DemoApp\DemoApp.csproj", "{EC8243AE-9AC4-4EA8-B26E-4BF90D1B2C6B}"
EndProject
Project("{FAE04EC0-301F-11D3-BF4B-00C04F79EFBC}") = "DemoLib", "DemoLib\DemoLib.csproj", "{7FD88B98-92B5-4E03-A6B0-A234D3E08112}"
EndProject
Global
	GlobalSection(SolutionConfigurationPlatforms) = preSolution
		Debug|Any CPU = Debug|Any CPU
		Release|Any CPU = Release|Any CPU
	EndGlobalSection
	GlobalSection(SolutionProperties) = preSolution
		HideSolutionNode = FALSE
	EndGlobalSection
	GlobalSection(ProjectConfigurationPlatforms) = postSolution
		{EC8243AE-9AC4-4EA8-B26E-4BF90D1B2C6B}.Debug|Any CPU.ActiveCfg = Debug|Any CPU
		{EC8243AE-9AC4-4EA8-B26E-4BF90D1B2C6B}.Debug|Any CPU.Build.0 = Debug|Any CPU
		{EC8243AE-9AC4-4EA8-B26E-4BF90D1B2C6B}.Release|Any CPU.ActiveCfg = Release|Any CPU
		{EC8243AE-9AC4-4EA8-B26E-4BF90D1B2C6B}.Release|Any CPU.Build.0 = Release|Any CPU
		{7FD88B98-92B5-4E03-A6B0-A234D3E08112}.Debug|Any CPU.ActiveCfg = Debug|Any CPU
		{7FD88B98-92B5-4E03-A6B0-A234D3E08112}.Debug|Any CPU.Build.0 = Debug|Any CPU
		{7FD88B98-92B5-4E03-A6B0-A234D3E08112}.Release|Any CPU.ActiveCfg = Release|Any CPU
		{7FD88B98-92B5-4E03-A6B0-A234D3E08112}.Release|Any CPU.Build.0 = Release|Any CPU
	EndGlobalSection
EndGlobal
